
Microsoft Visual Studio Solution File, Format Version 12.00
# Visual Studio Version 17
VisualStudioVersion = 17.14.36401.2 d17.14
MinimumVisualStudioVersion = 10.0.40219.1
Project("{FAE04EC0-301F-11D3-BF4B-00C04F79EFBC}") = "DiceGame", "DiceGame.csproj", "{A5EF9D34-F286-450E-83BD-CBA3D08A5F9F}"
EndProject
Global
	GlobalSection(SolutionConfigurationPlatforms) = preSolution
		Debug|Any CPU = Debug|Any CPU
		Release|Any CPU = Release|Any CPU
	EndGlobalSection
	GlobalSection(ProjectConfigurationPlatforms) = postSolution
		{A5EF9D34-F286-450E-83BD-CBA3D08A5F9F}.Debug|Any CPU.ActiveCfg = Debug|Any CPU
		{A5EF9D34-F286-450E-83BD-CBA3D08A5F9F}.Debug|Any CPU.Build.0 = Debug|Any CPU
		{A5EF9D34-F286-450E-83BD-CBA3D08A5F9F}.Release|Any CPU.ActiveCfg = Release|Any CPU
		{A5EF9D34-F286-450E-83BD-CBA3D08A5F9F}.Release|Any CPU.Build.0 = Release|Any CPU
	EndGlobalSection
	GlobalSection(SolutionProperties) = preSolution
		HideSolutionNode = FALSE
	EndGlobalSection
	GlobalSection(ExtensibilityGlobals) = postSolution
		SolutionGuid = {89A1ADAD-DA5B-4285-B092-0D9AD962D933}
	EndGlobalSection
EndGlobal
